
Microsoft Visual Studio Solution File, Format Version 12.00
# Visual Studio Version 16
VisualStudioVersion = 16.0.30204.135
MinimumVisualStudioVersion = 10.0.40219.1
Project("{FAE04EC0-301F-11D3-BF4B-00C04F79EFBC}") = "RBCDElevatePrivilege", "RBCDElevatePrivilege.csproj", "{292314EE-B1CD-4ECE-A361-2C35B9472974}"
EndProject
Global
	GlobalSection(SolutionConfigurationPlatforms) = preSolution
		Debug|Any CPU = Debug|Any CPU
		Release|Any CPU = Release|Any CPU
	EndGlobalSection
	GlobalSection(ProjectConfigurationPlatforms) = postSolution
		{292314EE-B1CD-4ECE-A361-2C35B9472974}.Debug|Any CPU.ActiveCfg = Debug|Any CPU
		{292314EE-B1CD-4ECE-A361-2C35B9472974}.Debug|Any CPU.Build.0 = Debug|Any CPU
		{292314EE-B1CD-4ECE-A361-2C35B9472974}.Release|Any CPU.ActiveCfg = Release|Any CPU
		{292314EE-B1CD-4ECE-A361-2C35B9472974}.Release|Any CPU.Build.0 = Release|Any CPU
	EndGlobalSection
	GlobalSection(SolutionProperties) = preSolution
		HideSolutionNode = FALSE
	EndGlobalSection
	GlobalSection(ExtensibilityGlobals) = postSolution
		SolutionGuid = {7FC833D7-9C99-429B-A1B0-406A814F7C3B}
	EndGlobalSection
EndGlobal
