
Microsoft Visual Studio Solution File, Format Version 12.00
# Visual Studio Version 16
VisualStudioVersion = 16.0.30204.135
MinimumVisualStudioVersion = 10.0.40219.1
Project("{FAE04EC0-301F-11D3-BF4B-00C04F79EFBC}") = "CheckBadThingsCSharp", "CheckBadThingsCSharp.csproj", "{2F7DE594-B9CD-494F-B581-6CD6D3DD0104}"
EndProject
Global
	GlobalSection(SolutionConfigurationPlatforms) = preSolution
		Debug|Any CPU = Debug|Any CPU
		Release|Any CPU = Release|Any CPU
	EndGlobalSection
	GlobalSection(ProjectConfigurationPlatforms) = postSolution
		{2F7DE594-B9CD-494F-B581-6CD6D3DD0104}.Debug|Any CPU.ActiveCfg = Debug|Any CPU
		{2F7DE594-B9CD-494F-B581-6CD6D3DD0104}.Debug|Any CPU.Build.0 = Debug|Any CPU
		{2F7DE594-B9CD-494F-B581-6CD6D3DD0104}.Release|Any CPU.ActiveCfg = Release|Any CPU
		{2F7DE594-B9CD-494F-B581-6CD6D3DD0104}.Release|Any CPU.Build.0 = Release|Any CPU
	EndGlobalSection
	GlobalSection(SolutionProperties) = preSolution
		HideSolutionNode = FALSE
	EndGlobalSection
	GlobalSection(ExtensibilityGlobals) = postSolution
		SolutionGuid = {D06E5563-4B68-4B76-B4BC-73F4920D2C4A}
	EndGlobalSection
EndGlobal
